
Microsoft Visual Studio Solution File, Format Version 12.00
# Visual Studio Version 17
VisualStudioVersion = 17.3.32929.385
MinimumVisualStudioVersion = 10.0.40219.1
Project("{FAE04EC0-301F-11D3-BF4B-00C04F79EFBC}") = "Bullshit", "Bullshit\Bullshit.csproj", "{A377D853-69CD-4B7C-A477-11B172B578D0}"
EndProject
Global
	GlobalSection(SolutionConfigurationPlatforms) = preSolution
		Debug|Any CPU = Debug|Any CPU
		Release|Any CPU = Release|Any CPU
	EndGlobalSection
	GlobalSection(ProjectConfigurationPlatforms) = postSolution
		{A377D853-69CD-4B7C-A477-11B172B578D0}.Debug|Any CPU.ActiveCfg = Debug|Any CPU
		{A377D853-69CD-4B7C-A477-11B172B578D0}.Debug|Any CPU.Build.0 = Debug|Any CPU
		{A377D853-69CD-4B7C-A477-11B172B578D0}.Release|Any CPU.ActiveCfg = Release|Any CPU
		{A377D853-69CD-4B7C-A477-11B172B578D0}.Release|Any CPU.Build.0 = Release|Any CPU
	EndGlobalSection
	GlobalSection(SolutionProperties) = preSolution
		HideSolutionNode = FALSE
	EndGlobalSection
	GlobalSection(ExtensibilityGlobals) = postSolution
		SolutionGuid = {AB8E957F-D60E-4E98-865D-DA0D49AA02A7}
	EndGlobalSection
EndGlobal
